
Microsoft Visual Studio Solution File, Format Version 12.00
# Visual Studio Version 16
VisualStudioVersion = 16.0.30330.147
MinimumVisualStudioVersion = 10.0.40219.1
Project("{FAE04EC0-301F-11D3-BF4B-00C04F79EFBC}") = "LaspEd", "LaspEd.csproj", "{6695D65F-9091-46AE-B807-90DBB5928F39}"
EndProject
Global
	GlobalSection(SolutionConfigurationPlatforms) = preSolution
		Debug|Any CPU = Debug|Any CPU
		Release|Any CPU = Release|Any CPU
	EndGlobalSection
	GlobalSection(ProjectConfigurationPlatforms) = postSolution
		{6695D65F-9091-46AE-B807-90DBB5928F39}.Debug|Any CPU.ActiveCfg = Debug|Any CPU
		{6695D65F-9091-46AE-B807-90DBB5928F39}.Debug|Any CPU.Build.0 = Debug|Any CPU
		{6695D65F-9091-46AE-B807-90DBB5928F39}.Release|Any CPU.ActiveCfg = Release|Any CPU
		{6695D65F-9091-46AE-B807-90DBB5928F39}.Release|Any CPU.Build.0 = Release|Any CPU
	EndGlobalSection
	GlobalSection(SolutionProperties) = preSolution
		HideSolutionNode = FALSE
	EndGlobalSection
	GlobalSection(ExtensibilityGlobals) = postSolution
		SolutionGuid = {F8E602C5-D832-463E-8D5C-382FCAD228CF}
	EndGlobalSection
EndGlobal
